
Microsoft Visual Studio Solution File, Format Version 12.00
# Visual Studio Version 16
VisualStudioVersion = 16.0.30621.155
MinimumVisualStudioVersion = 10.0.40219.1
Project("{FAE04EC0-301F-11D3-BF4B-00C04F79EFBC}") = "Assignment1", "Assignment1\Assignment1.csproj", "{8246364D-3361-43FE-BB15-2BEB295602EF}"
EndProject
Global
	GlobalSection(SolutionConfigurationPlatforms) = preSolution
		Debug|Any CPU = Debug|Any CPU
		Release|Any CPU = Release|Any CPU
	EndGlobalSection
	GlobalSection(ProjectConfigurationPlatforms) = postSolution
		{8246364D-3361-43FE-BB15-2BEB295602EF}.Debug|Any CPU.ActiveCfg = Debug|Any CPU
		{8246364D-3361-43FE-BB15-2BEB295602EF}.Debug|Any CPU.Build.0 = Debug|Any CPU
		{8246364D-3361-43FE-BB15-2BEB295602EF}.Release|Any CPU.ActiveCfg = Release|Any CPU
		{8246364D-3361-43FE-BB15-2BEB295602EF}.Release|Any CPU.Build.0 = Release|Any CPU
	EndGlobalSection
	GlobalSection(SolutionProperties) = preSolution
		HideSolutionNode = FALSE
	EndGlobalSection
	GlobalSection(ExtensibilityGlobals) = postSolution
		SolutionGuid = {95E43028-4D67-45B6-B013-5FCA5A0E8BBA}
	EndGlobalSection
EndGlobal
